
Microsoft Visual Studio Solution File, Format Version 12.00
# Visual Studio Version 16
VisualStudioVersion = 16.0.31410.357
MinimumVisualStudioVersion = 10.0.40219.1
Project("{FAE04EC0-301F-11D3-BF4B-00C04F79EFBC}") = "PrimeFactors", "PrimeFactors\PrimeFactors.csproj", "{3016F014-952C-4405-8347-82BE301C1ED1}"
EndProject
Project("{FAE04EC0-301F-11D3-BF4B-00C04F79EFBC}") = "ProgramPrimeFactorsUT", "ProgramPrimeFactorsUT\ProgramPrimeFactorsUT.csproj", "{35AA2A7F-A1FD-498D-87A5-C7037E9B1B65}"
EndProject
Global
	GlobalSection(SolutionConfigurationPlatforms) = preSolution
		Debug|Any CPU = Debug|Any CPU
		Release|Any CPU = Release|Any CPU
	EndGlobalSection
	GlobalSection(ProjectConfigurationPlatforms) = postSolution
		{3016F014-952C-4405-8347-82BE301C1ED1}.Debug|Any CPU.ActiveCfg = Debug|Any CPU
		{3016F014-952C-4405-8347-82BE301C1ED1}.Debug|Any CPU.Build.0 = Debug|Any CPU
		{3016F014-952C-4405-8347-82BE301C1ED1}.Release|Any CPU.ActiveCfg = Release|Any CPU
		{3016F014-952C-4405-8347-82BE301C1ED1}.Release|Any CPU.Build.0 = Release|Any CPU
		{35AA2A7F-A1FD-498D-87A5-C7037E9B1B65}.Debug|Any CPU.ActiveCfg = Debug|Any CPU
		{35AA2A7F-A1FD-498D-87A5-C7037E9B1B65}.Debug|Any CPU.Build.0 = Debug|Any CPU
		{35AA2A7F-A1FD-498D-87A5-C7037E9B1B65}.Release|Any CPU.ActiveCfg = Release|Any CPU
		{35AA2A7F-A1FD-498D-87A5-C7037E9B1B65}.Release|Any CPU.Build.0 = Release|Any CPU
	EndGlobalSection
	GlobalSection(SolutionProperties) = preSolution
		HideSolutionNode = FALSE
	EndGlobalSection
	GlobalSection(ExtensibilityGlobals) = postSolution
		SolutionGuid = {7355F6A2-2AEE-4121-9209-E6CFB5C921EE}
	EndGlobalSection
EndGlobal
